
Microsoft Visual Studio Solution File, Format Version 12.00
# Visual Studio Version 17
VisualStudioVersion = 17.11.35312.102
MinimumVisualStudioVersion = 10.0.40219.1
Project("{2150E333-8FDC-42A3-9474-1A3956D46DE8}") = "src", "src", "{431E0C24-CBE6-47A1-AC94-64E2BB83EE7A}"
EndProject
Project("{2150E333-8FDC-42A3-9474-1A3956D46DE8}") = "Common", "Common", "{602F6CDD-6148-4753-8D14-86A41FD22F47}"
EndProject
Project("{2150E333-8FDC-42A3-9474-1A3956D46DE8}") = "Modules", "Modules", "{21E6CB7C-15CD-437A-9C25-50558F13E643}"
EndProject
Project("{FAE04EC0-301F-11D3-BF4B-00C04F79EFBC}") = "mousse.Api", "src\mousse.Api\mousse.Api.csproj", "{6D2149C4-D6E6-4BEF-AB7C-D1090D1E967E}"
EndProject
Project("{E53339B2-1760-4266-BCC7-CA923CBCF16C}") = "docker-compose", "docker-compose.dcproj", "{305EE5C1-7440-4900-AACC-D0100A41842E}"
EndProject
Global
	GlobalSection(SolutionConfigurationPlatforms) = preSolution
		Debug|Any CPU = Debug|Any CPU
		Release|Any CPU = Release|Any CPU
	EndGlobalSection
	GlobalSection(ProjectConfigurationPlatforms) = postSolution
		{6D2149C4-D6E6-4BEF-AB7C-D1090D1E967E}.Debug|Any CPU.ActiveCfg = Debug|Any CPU
		{6D2149C4-D6E6-4BEF-AB7C-D1090D1E967E}.Debug|Any CPU.Build.0 = Debug|Any CPU
		{6D2149C4-D6E6-4BEF-AB7C-D1090D1E967E}.Release|Any CPU.ActiveCfg = Release|Any CPU
		{6D2149C4-D6E6-4BEF-AB7C-D1090D1E967E}.Release|Any CPU.Build.0 = Release|Any CPU
		{305EE5C1-7440-4900-AACC-D0100A41842E}.Debug|Any CPU.ActiveCfg = Debug|Any CPU
		{305EE5C1-7440-4900-AACC-D0100A41842E}.Debug|Any CPU.Build.0 = Debug|Any CPU
		{305EE5C1-7440-4900-AACC-D0100A41842E}.Release|Any CPU.ActiveCfg = Release|Any CPU
		{305EE5C1-7440-4900-AACC-D0100A41842E}.Release|Any CPU.Build.0 = Release|Any CPU
	EndGlobalSection
	GlobalSection(SolutionProperties) = preSolution
		HideSolutionNode = FALSE
	EndGlobalSection
	GlobalSection(NestedProjects) = preSolution
		{602F6CDD-6148-4753-8D14-86A41FD22F47} = {431E0C24-CBE6-47A1-AC94-64E2BB83EE7A}
		{21E6CB7C-15CD-437A-9C25-50558F13E643} = {431E0C24-CBE6-47A1-AC94-64E2BB83EE7A}
		{6D2149C4-D6E6-4BEF-AB7C-D1090D1E967E} = {431E0C24-CBE6-47A1-AC94-64E2BB83EE7A}
	EndGlobalSection
	GlobalSection(ExtensibilityGlobals) = postSolution
		SolutionGuid = {02E31006-F39B-424D-B598-02E64905AE4F}
	EndGlobalSection
EndGlobal
